
Microsoft Visual Studio Solution File, Format Version 12.00
# Visual Studio Version 17
VisualStudioVersion = 17.8.34330.188
MinimumVisualStudioVersion = 10.0.40219.1
Project("{2150E333-8FDC-42A3-9474-1A3956D46DE8}") = "Application", "Application", "{37CE51DC-3300-42FF-AE79-5E09529B18E7}"
EndProject
Project("{2150E333-8FDC-42A3-9474-1A3956D46DE8}") = "AppException", "AppException", "{0EF3C0A3-6132-4C78-B58F-AC04B721E6C4}"
EndProject
Project("{2150E333-8FDC-42A3-9474-1A3956D46DE8}") = "AppUseCase", "AppUseCase", "{BECF9437-8F98-4DE4-A4DB-14C8CC26FEC1}"
EndProject
Project("{9A19103F-16F7-4668-BE54-9A1E7A4F7556}") = "AppAbstraction", "Application\AppAbstraction\AppAbstraction.csproj", "{D89D4436-2019-4100-8D11-2650FB46D726}"
EndProject
Project("{9A19103F-16F7-4668-BE54-9A1E7A4F7556}") = "AppService", "Application\AppService\AppService.csproj", "{6D980AEA-C5A5-4EAC-9E84-CCBB217F9284}"
EndProject
Project("{2150E333-8FDC-42A3-9474-1A3956D46DE8}") = "Domain", "Domain", "{7423F516-52AC-40BC-85AB-98B449135A35}"
EndProject
Project("{2150E333-8FDC-42A3-9474-1A3956D46DE8}") = "DomainException", "DomainException", "{42CAD64E-7F04-40C7-984B-940357625F5E}"
EndProject
Project("{2150E333-8FDC-42A3-9474-1A3956D46DE8}") = "DomainShared", "DomainShared", "{B0D6C4DA-9BB4-4AB9-ABC3-D1C921A6BAE0}"
EndProject
Project("{9A19103F-16F7-4668-BE54-9A1E7A4F7556}") = "DomainAbstraction", "Domain\DomainAbstraction\DomainAbstraction.csproj", "{D7476650-8B5E-4EDD-B3B6-667741904EAD}"
EndProject
Project("{9A19103F-16F7-4668-BE54-9A1E7A4F7556}") = "DomainEntity", "Domain\DomainEntity\DomainEntity.csproj", "{3433291B-9549-436B-8D67-FB2C09D1538D}"
EndProject
Project("{9A19103F-16F7-4668-BE54-9A1E7A4F7556}") = "DomainEntityDTO", "Domain\DomainEntityDTO\DomainEntityDTO.csproj", "{A0AB69B2-A577-4864-A042-1B1464126289}"
EndProject
Project("{2150E333-8FDC-42A3-9474-1A3956D46DE8}") = "Infrastructure", "Infrastructure", "{3855EFD5-48E7-4B7C-8C2A-31F5A0A450F1}"
EndProject
Project("{9A19103F-16F7-4668-BE54-9A1E7A4F7556}") = "Persistence", "Infrastructure\Persistence\Persistence.csproj", "{CDF080BC-40F1-4EAA-A082-C4C2F9CF79B2}"
EndProject
Project("{2150E333-8FDC-42A3-9474-1A3956D46DE8}") = "Presentation", "Presentation", "{A7069CFC-3413-402E-9B00-051932AE91A4}"
EndProject
Project("{9A19103F-16F7-4668-BE54-9A1E7A4F7556}") = "DotNetBackEndService", "Presentation\DotNetBackEndService\DotNetBackEndService.csproj", "{9580FF3D-9AC5-413E-ACB8-C2394555E1A5}"
EndProject
Project("{9A19103F-16F7-4668-BE54-9A1E7A4F7556}") = "DotNetBackEndApi", "DotNetBackEndApi\DotNetBackEndApi.csproj", "{5048BC63-6D2B-48B3-9F43-43EA8FB70F01}"
EndProject
Project("{9A19103F-16F7-4668-BE54-9A1E7A4F7556}") = "InfraCommon", "Infrastructure\InfraCommon\InfraCommon.csproj", "{F72289A7-E442-4ED2-BD2C-30B436F536DB}"
EndProject
Project("{2150E333-8FDC-42A3-9474-1A3956D46DE8}") = "DomainCommon", "DomainCommon", "{F30A5B65-14DC-4CAA-8CD3-3A52686CC952}"
EndProject
Global
	GlobalSection(SolutionConfigurationPlatforms) = preSolution
		Debug|Any CPU = Debug|Any CPU
		Release|Any CPU = Release|Any CPU
	EndGlobalSection
	GlobalSection(ProjectConfigurationPlatforms) = postSolution
		{D89D4436-2019-4100-8D11-2650FB46D726}.Debug|Any CPU.ActiveCfg = Debug|Any CPU
		{D89D4436-2019-4100-8D11-2650FB46D726}.Debug|Any CPU.Build.0 = Debug|Any CPU
		{D89D4436-2019-4100-8D11-2650FB46D726}.Release|Any CPU.ActiveCfg = Release|Any CPU
		{D89D4436-2019-4100-8D11-2650FB46D726}.Release|Any CPU.Build.0 = Release|Any CPU
		{6D980AEA-C5A5-4EAC-9E84-CCBB217F9284}.Debug|Any CPU.ActiveCfg = Debug|Any CPU
		{6D980AEA-C5A5-4EAC-9E84-CCBB217F9284}.Debug|Any CPU.Build.0 = Debug|Any CPU
		{6D980AEA-C5A5-4EAC-9E84-CCBB217F9284}.Release|Any CPU.ActiveCfg = Release|Any CPU
		{6D980AEA-C5A5-4EAC-9E84-CCBB217F9284}.Release|Any CPU.Build.0 = Release|Any CPU
		{D7476650-8B5E-4EDD-B3B6-667741904EAD}.Debug|Any CPU.ActiveCfg = Debug|Any CPU
		{D7476650-8B5E-4EDD-B3B6-667741904EAD}.Debug|Any CPU.Build.0 = Debug|Any CPU
		{D7476650-8B5E-4EDD-B3B6-667741904EAD}.Release|Any CPU.ActiveCfg = Release|Any CPU
		{D7476650-8B5E-4EDD-B3B6-667741904EAD}.Release|Any CPU.Build.0 = Release|Any CPU
		{3433291B-9549-436B-8D67-FB2C09D1538D}.Debug|Any CPU.ActiveCfg = Debug|Any CPU
		{3433291B-9549-436B-8D67-FB2C09D1538D}.Debug|Any CPU.Build.0 = Debug|Any CPU
		{3433291B-9549-436B-8D67-FB2C09D1538D}.Release|Any CPU.ActiveCfg = Release|Any CPU
		{3433291B-9549-436B-8D67-FB2C09D1538D}.Release|Any CPU.Build.0 = Release|Any CPU
		{A0AB69B2-A577-4864-A042-1B1464126289}.Debug|Any CPU.ActiveCfg = Debug|Any CPU
		{A0AB69B2-A577-4864-A042-1B1464126289}.Debug|Any CPU.Build.0 = Debug|Any CPU
		{A0AB69B2-A577-4864-A042-1B1464126289}.Release|Any CPU.ActiveCfg = Release|Any CPU
		{A0AB69B2-A577-4864-A042-1B1464126289}.Release|Any CPU.Build.0 = Release|Any CPU
		{CDF080BC-40F1-4EAA-A082-C4C2F9CF79B2}.Debug|Any CPU.ActiveCfg = Debug|Any CPU
		{CDF080BC-40F1-4EAA-A082-C4C2F9CF79B2}.Debug|Any CPU.Build.0 = Debug|Any CPU
		{CDF080BC-40F1-4EAA-A082-C4C2F9CF79B2}.Release|Any CPU.ActiveCfg = Release|Any CPU
		{CDF080BC-40F1-4EAA-A082-C4C2F9CF79B2}.Release|Any CPU.Build.0 = Release|Any CPU
		{9580FF3D-9AC5-413E-ACB8-C2394555E1A5}.Debug|Any CPU.ActiveCfg = Debug|Any CPU
		{9580FF3D-9AC5-413E-ACB8-C2394555E1A5}.Debug|Any CPU.Build.0 = Debug|Any CPU
		{9580FF3D-9AC5-413E-ACB8-C2394555E1A5}.Release|Any CPU.ActiveCfg = Release|Any CPU
		{9580FF3D-9AC5-413E-ACB8-C2394555E1A5}.Release|Any CPU.Build.0 = Release|Any CPU
		{5048BC63-6D2B-48B3-9F43-43EA8FB70F01}.Debug|Any CPU.ActiveCfg = Debug|Any CPU
		{5048BC63-6D2B-48B3-9F43-43EA8FB70F01}.Debug|Any CPU.Build.0 = Debug|Any CPU
		{5048BC63-6D2B-48B3-9F43-43EA8FB70F01}.Release|Any CPU.ActiveCfg = Release|Any CPU
		{5048BC63-6D2B-48B3-9F43-43EA8FB70F01}.Release|Any CPU.Build.0 = Release|Any CPU
		{F72289A7-E442-4ED2-BD2C-30B436F536DB}.Debug|Any CPU.ActiveCfg = Debug|Any CPU
		{F72289A7-E442-4ED2-BD2C-30B436F536DB}.Debug|Any CPU.Build.0 = Debug|Any CPU
		{F72289A7-E442-4ED2-BD2C-30B436F536DB}.Release|Any CPU.ActiveCfg = Release|Any CPU
		{F72289A7-E442-4ED2-BD2C-30B436F536DB}.Release|Any CPU.Build.0 = Release|Any CPU
	EndGlobalSection
	GlobalSection(SolutionProperties) = preSolution
		HideSolutionNode = FALSE
	EndGlobalSection
	GlobalSection(NestedProjects) = preSolution
		{0EF3C0A3-6132-4C78-B58F-AC04B721E6C4} = {37CE51DC-3300-42FF-AE79-5E09529B18E7}
		{BECF9437-8F98-4DE4-A4DB-14C8CC26FEC1} = {37CE51DC-3300-42FF-AE79-5E09529B18E7}
		{D89D4436-2019-4100-8D11-2650FB46D726} = {37CE51DC-3300-42FF-AE79-5E09529B18E7}
		{6D980AEA-C5A5-4EAC-9E84-CCBB217F9284} = {37CE51DC-3300-42FF-AE79-5E09529B18E7}
		{42CAD64E-7F04-40C7-984B-940357625F5E} = {7423F516-52AC-40BC-85AB-98B449135A35}
		{B0D6C4DA-9BB4-4AB9-ABC3-D1C921A6BAE0} = {7423F516-52AC-40BC-85AB-98B449135A35}
		{D7476650-8B5E-4EDD-B3B6-667741904EAD} = {7423F516-52AC-40BC-85AB-98B449135A35}
		{3433291B-9549-436B-8D67-FB2C09D1538D} = {7423F516-52AC-40BC-85AB-98B449135A35}
		{A0AB69B2-A577-4864-A042-1B1464126289} = {7423F516-52AC-40BC-85AB-98B449135A35}
		{CDF080BC-40F1-4EAA-A082-C4C2F9CF79B2} = {3855EFD5-48E7-4B7C-8C2A-31F5A0A450F1}
		{9580FF3D-9AC5-413E-ACB8-C2394555E1A5} = {A7069CFC-3413-402E-9B00-051932AE91A4}
		{F72289A7-E442-4ED2-BD2C-30B436F536DB} = {3855EFD5-48E7-4B7C-8C2A-31F5A0A450F1}
		{F30A5B65-14DC-4CAA-8CD3-3A52686CC952} = {7423F516-52AC-40BC-85AB-98B449135A35}
	EndGlobalSection
	GlobalSection(ExtensibilityGlobals) = postSolution
		SolutionGuid = {328BEA82-5800-4EDC-8954-9DCA415FC823}
	EndGlobalSection
EndGlobal
